
Microsoft Visual Studio Solution File, Format Version 12.00
# Visual Studio Version 17
VisualStudioVersion = 17.7.34031.279
MinimumVisualStudioVersion = 10.0.40219.1
Project("{FAE04EC0-301F-11D3-BF4B-00C04F79EFBC}") = "TabelulDeAdevarAnd", "TabelulDeAdevarAnd.csproj", "{3BB89244-98E5-4511-8898-FC59EEC3E025}"
EndProject
Global
	GlobalSection(SolutionConfigurationPlatforms) = preSolution
		Debug|Any CPU = Debug|Any CPU
		Release|Any CPU = Release|Any CPU
	EndGlobalSection
	GlobalSection(ProjectConfigurationPlatforms) = postSolution
		{3BB89244-98E5-4511-8898-FC59EEC3E025}.Debug|Any CPU.ActiveCfg = Debug|Any CPU
		{3BB89244-98E5-4511-8898-FC59EEC3E025}.Debug|Any CPU.Build.0 = Debug|Any CPU
		{3BB89244-98E5-4511-8898-FC59EEC3E025}.Release|Any CPU.ActiveCfg = Release|Any CPU
		{3BB89244-98E5-4511-8898-FC59EEC3E025}.Release|Any CPU.Build.0 = Release|Any CPU
	EndGlobalSection
	GlobalSection(SolutionProperties) = preSolution
		HideSolutionNode = FALSE
	EndGlobalSection
	GlobalSection(ExtensibilityGlobals) = postSolution
		SolutionGuid = {87D28E57-25C4-47F3-9233-6A98DC224BCE}
	EndGlobalSection
EndGlobal
