
Microsoft Visual Studio Solution File, Format Version 12.00
# Visual Studio Version 17
VisualStudioVersion = 17.7.34031.279
MinimumVisualStudioVersion = 10.0.40219.1
Project("{FAE04EC0-301F-11D3-BF4B-00C04F79EFBC}") = "parSauImpar", "parSauImpar.csproj", "{600A2560-B6CF-442F-AAE3-30754F6AD712}"
EndProject
Global
	GlobalSection(SolutionConfigurationPlatforms) = preSolution
		Debug|Any CPU = Debug|Any CPU
		Release|Any CPU = Release|Any CPU
	EndGlobalSection
	GlobalSection(ProjectConfigurationPlatforms) = postSolution
		{600A2560-B6CF-442F-AAE3-30754F6AD712}.Debug|Any CPU.ActiveCfg = Debug|Any CPU
		{600A2560-B6CF-442F-AAE3-30754F6AD712}.Debug|Any CPU.Build.0 = Debug|Any CPU
		{600A2560-B6CF-442F-AAE3-30754F6AD712}.Release|Any CPU.ActiveCfg = Release|Any CPU
		{600A2560-B6CF-442F-AAE3-30754F6AD712}.Release|Any CPU.Build.0 = Release|Any CPU
	EndGlobalSection
	GlobalSection(SolutionProperties) = preSolution
		HideSolutionNode = FALSE
	EndGlobalSection
	GlobalSection(ExtensibilityGlobals) = postSolution
		SolutionGuid = {647676D9-70A8-47EC-8F16-2DFD28C68663}
	EndGlobalSection
EndGlobal
